<Solution>
  <Folder Name="/Solution Items/">
    <File Path="configure_trip.html" />
    <File Path="index.html" />
    <File Path="view_trip.html" />
    <File Path="virtual_trip.html" />
  </Folder>
  <Folder Name="/Solution Items/css/">
    <File Path="css/animations.css" />
    <File Path="css/base.css" />
  </Folder>
  <Folder Name="/Solution Items/data/">
    <File Path="data/bucket-list.js" />
    <File Path="data/cities.js" />
  </Folder>
  <Folder Name="/Solution Items/icons/">
    <File Path="icons/icon-192.png" />
    <File Path="icons/icon-512.png" />
  </Folder>
  <Folder Name="/Solution Items/js/">
    <File Path="js/app.js" />
    <File Path="js/carousel.js" />
    <File Path="js/clock.js" />
    <File Path="js/config.js" />
    <File Path="js/explore.js" />
    <File Path="js/file-viewer.js" />
    <File Path="js/index.js" />
    <File Path="js/share.js" />
    <File Path="js/social.js" />
    <File Path="js/step-form.js" />
    <File Path="js/store.js" />
    <File Path="js/virtual-trips.js" />
  </Folder>
  <Folder Name="/Solution Items/scripts/">
    <File Path="scripts/bucket_list_source.json" />
    <File Path="scripts/generate_bucket_list.py" />
  </Folder>
</Solution>
